
Microsoft Visual Studio Solution File, Format Version 12.00
# Visual Studio Version 17
VisualStudioVersion = 17.0.31903.59
MinimumVisualStudioVersion = 10.0.40219.1
Project("{2150E333-8FDC-42A3-9474-1A3956D46DE8}") = "Host", "Host", "{923B0609-6773-45C1-B25B-A4B903192665}"
EndProject
Project("{2150E333-8FDC-42A3-9474-1A3956D46DE8}") = "Core", "Core", "{74957895-2B78-4816-9C0E-B51FC9C9361A}"
EndProject
Project("{2150E333-8FDC-42A3-9474-1A3956D46DE8}") = "Infrastructure", "Infrastructure", "{E244CB21-2C98-4BA5-8390-3D325F261B41}"
EndProject
Project("{FAE04EC0-301F-11D3-BF4B-00C04F79EFBC}") = "English.Note.Domain", "Core\English.Note.Domain\English.Note.Domain.csproj", "{D1B26802-AD82-4223-BD2F-C8DD5957D753}"
EndProject
Project("{FAE04EC0-301F-11D3-BF4B-00C04F79EFBC}") = "English.Note.Application", "Core\English.Note.Application\English.Note.Application.csproj", "{400CBA12-F63A-4680-88C1-FB20D0AC0F44}"
EndProject
Project("{FAE04EC0-301F-11D3-BF4B-00C04F79EFBC}") = "English.Note.Api", "Host\English.Note.Api\English.Note.Api.csproj", "{5484D157-6ED3-4577-B40A-C472501F8109}"
EndProject
Project("{FAE04EC0-301F-11D3-BF4B-00C04F79EFBC}") = "English.Note.Infrastructure.Persistence", "Infrastructure\English.Note.Infrastructure.Persistence\English.Note.Infrastructure.Persistence.csproj", "{D2AD97BC-FAAB-49D7-A3EC-91ACBC601EB1}"
EndProject
Project("{FAE04EC0-301F-11D3-BF4B-00C04F79EFBC}") = "English.Note.Infrastructure.Identity", "Infrastructure\English.Note.Infrastructure.Identity\English.Note.Infrastructure.Identity.csproj", "{C214B9D6-8586-4F8F-84A3-AD8DF692E890}"
EndProject
Global
	GlobalSection(SolutionConfigurationPlatforms) = preSolution
		Debug|Any CPU = Debug|Any CPU
		Release|Any CPU = Release|Any CPU
	EndGlobalSection
	GlobalSection(ProjectConfigurationPlatforms) = postSolution
		{D1B26802-AD82-4223-BD2F-C8DD5957D753}.Debug|Any CPU.ActiveCfg = Debug|Any CPU
		{D1B26802-AD82-4223-BD2F-C8DD5957D753}.Debug|Any CPU.Build.0 = Debug|Any CPU
		{D1B26802-AD82-4223-BD2F-C8DD5957D753}.Release|Any CPU.ActiveCfg = Release|Any CPU
		{D1B26802-AD82-4223-BD2F-C8DD5957D753}.Release|Any CPU.Build.0 = Release|Any CPU
		{400CBA12-F63A-4680-88C1-FB20D0AC0F44}.Debug|Any CPU.ActiveCfg = Debug|Any CPU
		{400CBA12-F63A-4680-88C1-FB20D0AC0F44}.Debug|Any CPU.Build.0 = Debug|Any CPU
		{400CBA12-F63A-4680-88C1-FB20D0AC0F44}.Release|Any CPU.ActiveCfg = Release|Any CPU
		{400CBA12-F63A-4680-88C1-FB20D0AC0F44}.Release|Any CPU.Build.0 = Release|Any CPU
		{5484D157-6ED3-4577-B40A-C472501F8109}.Debug|Any CPU.ActiveCfg = Debug|Any CPU
		{5484D157-6ED3-4577-B40A-C472501F8109}.Debug|Any CPU.Build.0 = Debug|Any CPU
		{5484D157-6ED3-4577-B40A-C472501F8109}.Release|Any CPU.ActiveCfg = Release|Any CPU
		{5484D157-6ED3-4577-B40A-C472501F8109}.Release|Any CPU.Build.0 = Release|Any CPU
		{D2AD97BC-FAAB-49D7-A3EC-91ACBC601EB1}.Debug|Any CPU.ActiveCfg = Debug|Any CPU
		{D2AD97BC-FAAB-49D7-A3EC-91ACBC601EB1}.Debug|Any CPU.Build.0 = Debug|Any CPU
		{D2AD97BC-FAAB-49D7-A3EC-91ACBC601EB1}.Release|Any CPU.ActiveCfg = Release|Any CPU
		{D2AD97BC-FAAB-49D7-A3EC-91ACBC601EB1}.Release|Any CPU.Build.0 = Release|Any CPU
		{C214B9D6-8586-4F8F-84A3-AD8DF692E890}.Debug|Any CPU.ActiveCfg = Debug|Any CPU
		{C214B9D6-8586-4F8F-84A3-AD8DF692E890}.Debug|Any CPU.Build.0 = Debug|Any CPU
		{C214B9D6-8586-4F8F-84A3-AD8DF692E890}.Release|Any CPU.ActiveCfg = Release|Any CPU
		{C214B9D6-8586-4F8F-84A3-AD8DF692E890}.Release|Any CPU.Build.0 = Release|Any CPU
	EndGlobalSection
	GlobalSection(SolutionProperties) = preSolution
		HideSolutionNode = FALSE
	EndGlobalSection
	GlobalSection(NestedProjects) = preSolution
		{D1B26802-AD82-4223-BD2F-C8DD5957D753} = {74957895-2B78-4816-9C0E-B51FC9C9361A}
		{400CBA12-F63A-4680-88C1-FB20D0AC0F44} = {74957895-2B78-4816-9C0E-B51FC9C9361A}
		{5484D157-6ED3-4577-B40A-C472501F8109} = {923B0609-6773-45C1-B25B-A4B903192665}
		{D2AD97BC-FAAB-49D7-A3EC-91ACBC601EB1} = {E244CB21-2C98-4BA5-8390-3D325F261B41}
		{C214B9D6-8586-4F8F-84A3-AD8DF692E890} = {E244CB21-2C98-4BA5-8390-3D325F261B41}
	EndGlobalSection
EndGlobal
